// !$*UTF8*$!
{
	archiveVersion = 1;
	classes = {
	};
	objectVersion = 55;
	objects = {

/* Begin PBXBuildFile section */
		487051F12915FA9100C22159 /* WeatherTableViewCell.swift in Sources */ = {isa = PBXBuildFile; fileRef = 487051F02915FA9100C22159 /* WeatherTableViewCell.swift */; };
		487051F32915FCA300C22159 /* Constants.swift in Sources */ = {isa = PBXBuildFile; fileRef = 487051F22915FCA300C22159 /* Constants.swift */; };
		487051FF291633EA00C22159 /* TableViewCellWithTableView.swift in Sources */ = {isa = PBXBuildFile; fileRef = 487051FE291633EA00C22159 /* TableViewCellWithTableView.swift */; };
		48705201291634A500C22159 /* TableViewCellWithCollectionView.swift in Sources */ = {isa = PBXBuildFile; fileRef = 48705200291634A500C22159 /* TableViewCellWithCollectionView.swift */; };
		487052032916351500C22159 /* CollectionViewCell.swift in Sources */ = {isa = PBXBuildFile; fileRef = 487052022916351500C22159 /* CollectionViewCell.swift */; };
		487052052916355800C22159 /* ForecastTableViewCell.swift in Sources */ = {isa = PBXBuildFile; fileRef = 487052042916355800C22159 /* ForecastTableViewCell.swift */; };
		48705207291635A700C22159 /* WeatherTableViewHeaderView.swift in Sources */ = {isa = PBXBuildFile; fileRef = 48705206291635A700C22159 /* WeatherTableViewHeaderView.swift */; };
		48ADB7E32913C9830084D7CF /* AppDelegate.swift in Sources */ = {isa = PBXBuildFile; fileRef = 48ADB7E22913C9830084D7CF /* AppDelegate.swift */; };
		48ADB7E52913C9830084D7CF /* SceneDelegate.swift in Sources */ = {isa = PBXBuildFile; fileRef = 48ADB7E42913C9830084D7CF /* SceneDelegate.swift */; };
		48ADB7E72913C9830084D7CF /* WeatherViewController.swift in Sources */ = {isa = PBXBuildFile; fileRef = 48ADB7E62913C9830084D7CF /* WeatherViewController.swift */; };
		48ADB7EC2913C9870084D7CF /* Assets.xcassets in Resources */ = {isa = PBXBuildFile; fileRef = 48ADB7EB2913C9870084D7CF /* Assets.xcassets */; };
		48ADB7EF2913C9870084D7CF /* LaunchScreen.storyboard in Resources */ = {isa = PBXBuildFile; fileRef = 48ADB7ED2913C9870084D7CF /* LaunchScreen.storyboard */; };
		C7993A460C7DABA0E1D268DC /* Pods_SampleWeather.framework in Frameworks */ = {isa = PBXBuildFile; fileRef = 2BB7A4C03AD5AA8339457076 /* Pods_SampleWeather.framework */; };
/* End PBXBuildFile section */

/* Begin PBXFileReference section */
		1090771D43AC559C1B2F4E21 /* Pods-SampleWeather.release.xcconfig */ = {isa = PBXFileReference; includeInIndex = 1; lastKnownFileType = text.xcconfig; name = "Pods-SampleWeather.release.xcconfig"; path = "Target Support Files/Pods-SampleWeather/Pods-SampleWeather.release.xcconfig"; sourceTree = "<group>"; };
		2BB7A4C03AD5AA8339457076 /* Pods_SampleWeather.framework */ = {isa = PBXFileReference; explicitFileType = wrapper.framework; includeInIndex = 0; path = Pods_SampleWeather.framework; sourceTree = BUILT_PRODUCTS_DIR; };
		487051F02915FA9100C22159 /* WeatherTableViewCell.swift */ = {isa = PBXFileReference; lastKnownFileType = sourcecode.swift; path = WeatherTableViewCell.swift; sourceTree = "<group>"; };
		487051F22915FCA300C22159 /* Constants.swift */ = {isa = PBXFileReference; lastKnownFileType = sourcecode.swift; path = Constants.swift; sourceTree = "<group>"; };
		487051FE291633EA00C22159 /* TableViewCellWithTableView.swift */ = {isa = PBXFileReference; lastKnownFileType = sourcecode.swift; path = TableViewCellWithTableView.swift; sourceTree = "<group>"; };
		48705200291634A500C22159 /* TableViewCellWithCollectionView.swift */ = {isa = PBXFileReference; lastKnownFileType = sourcecode.swift; path = TableViewCellWithCollectionView.swift; sourceTree = "<group>"; };
		487052022916351500C22159 /* CollectionViewCell.swift */ = {isa = PBXFileReference; lastKnownFileType = sourcecode.swift; path = CollectionViewCell.swift; sourceTree = "<group>"; };
		487052042916355800C22159 /* ForecastTableViewCell.swift */ = {isa = PBXFileReference; lastKnownFileType = sourcecode.swift; path = ForecastTableViewCell.swift; sourceTree = "<group>"; };
		48705206291635A700C22159 /* WeatherTableViewHeaderView.swift */ = {isa = PBXFileReference; lastKnownFileType = sourcecode.swift; path = WeatherTableViewHeaderView.swift; sourceTree = "<group>"; };
		48ADB7DF2913C9830084D7CF /* SampleWeather.app */ = {isa = PBXFileReference; explicitFileType = wrapper.application; includeInIndex = 0; path = SampleWeather.app; sourceTree = BUILT_PRODUCTS_DIR; };
		48ADB7E22913C9830084D7CF /* AppDelegate.swift */ = {isa = PBXFileReference; lastKnownFileType = sourcecode.swift; path = AppDelegate.swift; sourceTree = "<group>"; };
		48ADB7E42913C9830084D7CF /* SceneDelegate.swift */ = {isa = PBXFileReference; lastKnownFileType = sourcecode.swift; path = SceneDelegate.swift; sourceTree = "<group>"; };
		48ADB7E62913C9830084D7CF /* WeatherViewController.swift */ = {isa = PBXFileReference; lastKnownFileType = sourcecode.swift; path = WeatherViewController.swift; sourceTree = "<group>"; };
		48ADB7EB2913C9870084D7CF /* Assets.xcassets */ = {isa = PBXFileReference; lastKnownFileType = folder.assetcatalog; path = Assets.xcassets; sourceTree = "<group>"; };
		48ADB7EE2913C9870084D7CF /* Base */ = {isa = PBXFileReference; lastKnownFileType = file.storyboard; name = Base; path = Base.lproj/LaunchScreen.storyboard; sourceTree = "<group>"; };
		48ADB7F02913C9870084D7CF /* Info.plist */ = {isa = PBXFileReference; lastKnownFileType = text.plist.xml; path = Info.plist; sourceTree = "<group>"; };
		BCA64305EC45E16A050C9584 /* Pods-SampleWeather.debug.xcconfig */ = {isa = PBXFileReference; includeInIndex = 1; lastKnownFileType = text.xcconfig; name = "Pods-SampleWeather.debug.xcconfig"; path = "Target Support Files/Pods-SampleWeather/Pods-SampleWeather.debug.xcconfig"; sourceTree = "<group>"; };
/* End PBXFileReference section */

/* Begin PBXFrameworksBuildPhase section */
		48ADB7DC2913C9830084D7CF /* Frameworks */ = {
			isa = PBXFrameworksBuildPhase;
			buildActionMask = 2147483647;
			files = (
				C7993A460C7DABA0E1D268DC /* Pods_SampleWeather.framework in Frameworks */,
			);
			runOnlyForDeploymentPostprocessing = 0;
		};
/* End PBXFrameworksBuildPhase section */

/* Begin PBXGroup section */
		2D30AF1058404ED9835BE93B /* Frameworks */ = {
			isa = PBXGroup;
			children = (
				2BB7A4C03AD5AA8339457076 /* Pods_SampleWeather.framework */,
			);
			name = Frameworks;
			sourceTree = "<group>";
		};
		487051EE2915FA0800C22159 /* Views */ = {
			isa = PBXGroup;
			children = (
				487051F02915FA9100C22159 /* WeatherTableViewCell.swift */,
				48705206291635A700C22159 /* WeatherTableViewHeaderView.swift */,
				487051FE291633EA00C22159 /* TableViewCellWithTableView.swift */,
				48705200291634A500C22159 /* TableViewCellWithCollectionView.swift */,
				487052022916351500C22159 /* CollectionViewCell.swift */,
				487052042916355800C22159 /* ForecastTableViewCell.swift */,
			);
			path = Views;
			sourceTree = "<group>";
		};
		487051EF2915FA1B00C22159 /* Controllers */ = {
			isa = PBXGroup;
			children = (
				48ADB7E62913C9830084D7CF /* WeatherViewController.swift */,
			);
			path = Controllers;
			sourceTree = "<group>";
		};
		48ADB7D62913C9830084D7CF = {
			isa = PBXGroup;
			children = (
				48ADB7E12913C9830084D7CF /* SampleWeather */,
				48ADB7E02913C9830084D7CF /* Products */,
				EEE28AB90BD30C678BA4A636 /* Pods */,
				2D30AF1058404ED9835BE93B /* Frameworks */,
			);
			sourceTree = "<group>";
		};
		48ADB7E02913C9830084D7CF /* Products */ = {
			isa = PBXGroup;
			children = (
				48ADB7DF2913C9830084D7CF /* SampleWeather.app */,
			);
			name = Products;
			sourceTree = "<group>";
		};
		48ADB7E12913C9830084D7CF /* SampleWeather */ = {
			isa = PBXGroup;
			children = (
				487051EF2915FA1B00C22159 /* Controllers */,
				487051EE2915FA0800C22159 /* Views */,
				48ADB7E22913C9830084D7CF /* AppDelegate.swift */,
				48ADB7E42913C9830084D7CF /* SceneDelegate.swift */,
				48ADB7EB2913C9870084D7CF /* Assets.xcassets */,
				48ADB7ED2913C9870084D7CF /* LaunchScreen.storyboard */,
				48ADB7F02913C9870084D7CF /* Info.plist */,
				487051F22915FCA300C22159 /* Constants.swift */,
			);
			path = SampleWeather;
			sourceTree = "<group>";
		};
		EEE28AB90BD30C678BA4A636 /* Pods */ = {
			isa = PBXGroup;
			children = (
				BCA64305EC45E16A050C9584 /* Pods-SampleWeather.debug.xcconfig */,
				1090771D43AC559C1B2F4E21 /* Pods-SampleWeather.release.xcconfig */,
			);
			path = Pods;
			sourceTree = "<group>";
		};
/* End PBXGroup section */

/* Begin PBXNativeTarget section */
		48ADB7DE2913C9830084D7CF /* SampleWeather */ = {
			isa = PBXNativeTarget;
			buildConfigurationList = 48ADB7F32913C9870084D7CF /* Build configuration list for PBXNativeTarget "SampleWeather" */;
			buildPhases = (
				7B1C1675447A5DBA58416EDA /* [CP] Check Pods Manifest.lock */,
				48ADB7DB2913C9830084D7CF /* Sources */,
				48ADB7DC2913C9830084D7CF /* Frameworks */,
				48ADB7DD2913C9830084D7CF /* Resources */,
				75FF7E0A8719FE7FBB79D9D5 /* [CP] Embed Pods Frameworks */,
			);
			buildRules = (
			);
			dependencies = (
			);
			name = SampleWeather;
			productName = SampleWeather;
			productReference = 48ADB7DF2913C9830084D7CF /* SampleWeather.app */;
			productType = "com.apple.product-type.application";
		};
/* End PBXNativeTarget section */

/* Begin PBXProject section */
		48ADB7D72913C9830084D7CF /* Project object */ = {
			isa = PBXProject;
			attributes = {
				BuildIndependentTargetsInParallel = 1;
				LastSwiftUpdateCheck = 1340;
				LastUpgradeCheck = 1340;
				TargetAttributes = {
					48ADB7DE2913C9830084D7CF = {
						CreatedOnToolsVersion = 13.4.1;
					};
				};
			};
			buildConfigurationList = 48ADB7DA2913C9830084D7CF /* Build configuration list for PBXProject "SampleWeather" */;
			compatibilityVersion = "Xcode 13.0";
			developmentRegion = en;
			hasScannedForEncodings = 0;
			knownRegions = (
				en,
				Base,
			);
			mainGroup = 48ADB7D62913C9830084D7CF;
			productRefGroup = 48ADB7E02913C9830084D7CF /* Products */;
			projectDirPath = "";
			projectRoot = "";
			targets = (
				48ADB7DE2913C9830084D7CF /* SampleWeather */,
			);
		};
/* End PBXProject section */

/* Begin PBXResourcesBuildPhase section */
		48ADB7DD2913C9830084D7CF /* Resources */ = {
			isa = PBXResourcesBuildPhase;
			buildActionMask = 2147483647;
			files = (
				48ADB7EF2913C9870084D7CF /* LaunchScreen.storyboard in Resources */,
				48ADB7EC2913C9870084D7CF /* Assets.xcassets in Resources */,
			);
			runOnlyForDeploymentPostprocessing = 0;
		};
/* End PBXResourcesBuildPhase section */

/* Begin PBXShellScriptBuildPhase section */
		75FF7E0A8719FE7FBB79D9D5 /* [CP] Embed Pods Frameworks */ = {
			isa = PBXShellScriptBuildPhase;
			buildActionMask = 2147483647;
			files = (
			);
			inputFileListPaths = (
				"${PODS_ROOT}/Target Support Files/Pods-SampleWeather/Pods-SampleWeather-frameworks-${CONFIGURATION}-input-files.xcfilelist",
			);
			name = "[CP] Embed Pods Frameworks";
			outputFileListPaths = (
				"${PODS_ROOT}/Target Support Files/Pods-SampleWeather/Pods-SampleWeather-frameworks-${CONFIGURATION}-output-files.xcfilelist",
			);
			runOnlyForDeploymentPostprocessing = 0;
			shellPath = /bin/sh;
			shellScript = "\"${PODS_ROOT}/Target Support Files/Pods-SampleWeather/Pods-SampleWeather-frameworks.sh\"\n";
			showEnvVarsInLog = 0;
		};
		7B1C1675447A5DBA58416EDA /* [CP] Check Pods Manifest.lock */ = {
			isa = PBXShellScriptBuildPhase;
			buildActionMask = 2147483647;
			files = (
			);
			inputFileListPaths = (
			);
			inputPaths = (
				"${PODS_PODFILE_DIR_PATH}/Podfile.lock",
				"${PODS_ROOT}/Manifest.lock",
			);
			name = "[CP] Check Pods Manifest.lock";
			outputFileListPaths = (
			);
			outputPaths = (
				"$(DERIVED_FILE_DIR)/Pods-SampleWeather-checkManifestLockResult.txt",
			);
			runOnlyForDeploymentPostprocessing = 0;
			shellPath = /bin/sh;
			shellScript = "diff \"${PODS_PODFILE_DIR_PATH}/Podfile.lock\" \"${PODS_ROOT}/Manifest.lock\" > /dev/null\nif [ $? != 0 ] ; then\n    # print error to STDERR\n    echo \"error: The sandbox is not in sync with the Podfile.lock. Run 'pod install' or update your CocoaPods installation.\" >&2\n    exit 1\nfi\n# This output is used by Xcode 'outputs' to avoid re-running this script phase.\necho \"SUCCESS\" > \"${SCRIPT_OUTPUT_FILE_0}\"\n";
			showEnvVarsInLog = 0;
		};
/* End PBXShellScriptBuildPhase section */

/* Begin PBXSourcesBuildPhase section */
		48ADB7DB2913C9830084D7CF /* Sources */ = {
			isa = PBXSourcesBuildPhase;
			buildActionMask = 2147483647;
			files = (
				48705201291634A500C22159 /* TableViewCellWithCollectionView.swift in Sources */,
				487051F32915FCA300C22159 /* Constants.swift in Sources */,
				487052032916351500C22159 /* CollectionViewCell.swift in Sources */,
				487051F12915FA9100C22159 /* WeatherTableViewCell.swift in Sources */,
				48ADB7E72913C9830084D7CF /* WeatherViewController.swift in Sources */,
				48ADB7E32913C9830084D7CF /* AppDelegate.swift in Sources */,
				487052052916355800C22159 /* ForecastTableViewCell.swift in Sources */,
				487051FF291633EA00C22159 /* TableViewCellWithTableView.swift in Sources */,
				48705207291635A700C22159 /* WeatherTableViewHeaderView.swift in Sources */,
				48ADB7E52913C9830084D7CF /* SceneDelegate.swift in Sources */,
			);
			runOnlyForDeploymentPostprocessing = 0;
		};
/* End PBXSourcesBuildPhase section */

/* Begin PBXVariantGroup section */
		48ADB7ED2913C9870084D7CF /* LaunchScreen.storyboard */ = {
			isa = PBXVariantGroup;
			children = (
				48ADB7EE2913C9870084D7CF /* Base */,
			);
			name = LaunchScreen.storyboard;
			sourceTree = "<group>";
		};
/* End PBXVariantGroup section */

/* Begin XCBuildConfiguration section */
		48ADB7F12913C9870084D7CF /* Debug */ = {
			isa = XCBuildConfiguration;
			buildSettings = {
				ALWAYS_SEARCH_USER_PATHS = NO;
				CLANG_ANALYZER_NONNULL = YES;
				CLANG_ANALYZER_NUMBER_OBJECT_CONVERSION = YES_AGGRESSIVE;
				CLANG_CXX_LANGUAGE_STANDARD = "gnu++17";
				CLANG_ENABLE_MODULES = YES;
				CLANG_ENABLE_OBJC_ARC = YES;
				CLANG_ENABLE_OBJC_WEAK = YES;
				CLANG_WARN_BLOCK_CAPTURE_AUTORELEASING = YES;
				CLANG_WARN_BOOL_CONVERSION = YES;
				CLANG_WARN_COMMA = YES;
				CLANG_WARN_CONSTANT_CONVERSION = YES;
				CLANG_WARN_DEPRECATED_OBJC_IMPLEMENTATIONS = YES;
				CLANG_WARN_DIRECT_OBJC_ISA_USAGE = YES_ERROR;
				CLANG_WARN_DOCUMENTATION_COMMENTS = YES;
				CLANG_WARN_EMPTY_BODY = YES;
				CLANG_WARN_ENUM_CONVERSION = YES;
				CLANG_WARN_INFINITE_RECURSION = YES;
				CLANG_WARN_INT_CONVERSION = YES;
				CLANG_WARN_NON_LITERAL_NULL_CONVERSION = YES;
				CLANG_WARN_OBJC_IMPLICIT_RETAIN_SELF = YES;
				CLANG_WARN_OBJC_LITERAL_CONVERSION = YES;
				CLANG_WARN_OBJC_ROOT_CLASS = YES_ERROR;
				CLANG_WARN_QUOTED_INCLUDE_IN_FRAMEWORK_HEADER = YES;
				CLANG_WARN_RANGE_LOOP_ANALYSIS = YES;
				CLANG_WARN_STRICT_PROTOTYPES = YES;
				CLANG_WARN_SUSPICIOUS_MOVE = YES;
				CLANG_WARN_UNGUARDED_AVAILABILITY = YES_AGGRESSIVE;
				CLANG_WARN_UNREACHABLE_CODE = YES;
				CLANG_WARN__DUPLICATE_METHOD_MATCH = YES;
				COPY_PHASE_STRIP = NO;
				DEBUG_INFORMATION_FORMAT = dwarf;
				ENABLE_STRICT_OBJC_MSGSEND = YES;
				ENABLE_TESTABILITY = YES;
				GCC_C_LANGUAGE_STANDARD = gnu11;
				GCC_DYNAMIC_NO_PIC = NO;
				GCC_NO_COMMON_BLOCKS = YES;
				GCC_OPTIMIZATION_LEVEL = 0;
				GCC_PREPROCESSOR_DEFINITIONS = (
					"DEBUG=1",
					"$(inherited)",
				);
				GCC_WARN_64_TO_32_BIT_CONVERSION = YES;
				GCC_WARN_ABOUT_RETURN_TYPE = YES_ERROR;
				GCC_WARN_UNDECLARED_SELECTOR = YES;
				GCC_WARN_UNINITIALIZED_AUTOS = YES_AGGRESSIVE;
				GCC_WARN_UNUSED_FUNCTION = YES;
				GCC_WARN_UNUSED_VARIABLE = YES;
				IPHONEOS_DEPLOYMENT_TARGET = 15.5;
				MTL_ENABLE_DEBUG_INFO = INCLUDE_SOURCE;
				MTL_FAST_MATH = YES;
				ONLY_ACTIVE_ARCH = YES;
				SDKROOT = iphoneos;
				SWIFT_ACTIVE_COMPILATION_CONDITIONS = DEBUG;
				SWIFT_OPTIMIZATION_LEVEL = "-Onone";
			};
			name = Debug;
		};
		48ADB7F22913C9870084D7CF /* Release */ = {
			isa = XCBuildConfiguration;
			buildSettings = {
				ALWAYS_SEARCH_USER_PATHS = NO;
				CLANG_ANALYZER_NONNULL = YES;
				CLANG_ANALYZER_NUMBER_OBJECT_CONVERSION = YES_AGGRESSIVE;
				CLANG_CXX_LANGUAGE_STANDARD = "gnu++17";
				CLANG_ENABLE_MODULES = YES;
				CLANG_ENABLE_OBJC_ARC = YES;
				CLANG_ENABLE_OBJC_WEAK = YES;
				CLANG_WARN_BLOCK_CAPTURE_AUTORELEASING = YES;
				CLANG_WARN_BOOL_CONVERSION = YES;
				CLANG_WARN_COMMA = YES;
				CLANG_WARN_CONSTANT_CONVERSION = YES;
				CLANG_WARN_DEPRECATED_OBJC_IMPLEMENTATIONS = YES;
				CLANG_WARN_DIRECT_OBJC_ISA_USAGE = YES_ERROR;
				CLANG_WARN_DOCUMENTATION_COMMENTS = YES;
				CLANG_WARN_EMPTY_BODY = YES;
				CLANG_WARN_ENUM_CONVERSION = YES;
				CLANG_WARN_INFINITE_RECURSION = YES;
				CLANG_WARN_INT_CONVERSION = YES;
				CLANG_WARN_NON_LITERAL_NULL_CONVERSION = YES;
				CLANG_WARN_OBJC_IMPLICIT_RETAIN_SELF = YES;
				CLANG_WARN_OBJC_LITERAL_CONVERSION = YES;
				CLANG_WARN_OBJC_ROOT_CLASS = YES_ERROR;
				CLANG_WARN_QUOTED_INCLUDE_IN_FRAMEWORK_HEADER = YES;
				CLANG_WARN_RANGE_LOOP_ANALYSIS = YES;
				CLANG_WARN_STRICT_PROTOTYPES = YES;
				CLANG_WARN_SUSPICIOUS_MOVE = YES;
				CLANG_WARN_UNGUARDED_AVAILABILITY = YES_AGGRESSIVE;
				CLANG_WARN_UNREACHABLE_CODE = YES;
				CLANG_WARN__DUPLICATE_METHOD_MATCH = YES;
				COPY_PHASE_STRIP = NO;
				DEBUG_INFORMATION_FORMAT = "dwarf-with-dsym";
				ENABLE_NS_ASSERTIONS = NO;
				ENABLE_STRICT_OBJC_MSGSEND = YES;
				GCC_C_LANGUAGE_STANDARD = gnu11;
				GCC_NO_COMMON_BLOCKS = YES;
				GCC_WARN_64_TO_32_BIT_CONVERSION = YES;
				GCC_WARN_ABOUT_RETURN_TYPE = YES_ERROR;
				GCC_WARN_UNDECLARED_SELECTOR = YES;
				GCC_WARN_UNINITIALIZED_AUTOS = YES_AGGRESSIVE;
				GCC_WARN_UNUSED_FUNCTION = YES;
				GCC_WARN_UNUSED_VARIABLE = YES;
				IPHONEOS_DEPLOYMENT_TARGET = 15.5;
				MTL_ENABLE_DEBUG_INFO = NO;
				MTL_FAST_MATH = YES;
				SDKROOT = iphoneos;
				SWIFT_COMPILATION_MODE = wholemodule;
				SWIFT_OPTIMIZATION_LEVEL = "-O";
				VALIDATE_PRODUCT = YES;
			};
			name = Release;
		};
		48ADB7F42913C9870084D7CF /* Debug */ = {
			isa = XCBuildConfiguration;
			baseConfigurationReference = BCA64305EC45E16A050C9584 /* Pods-SampleWeather.debug.xcconfig */;
			buildSettings = {
				ASSETCATALOG_COMPILER_APPICON_NAME = AppIcon;
				ASSETCATALOG_COMPILER_GLOBAL_ACCENT_COLOR_NAME = AccentColor;
				CODE_SIGN_STYLE = Automatic;
				CURRENT_PROJECT_VERSION = 1;
				GENERATE_INFOPLIST_FILE = YES;
				INFOPLIST_FILE = SampleWeather/Info.plist;
				INFOPLIST_KEY_UIApplicationSupportsIndirectInputEvents = YES;
				INFOPLIST_KEY_UILaunchStoryboardName = LaunchScreen;
				INFOPLIST_KEY_UISupportedInterfaceOrientations_iPad = "UIInterfaceOrientationPortrait UIInterfaceOrientationPortraitUpsideDown UIInterfaceOrientationLandscapeLeft UIInterfaceOrientationLandscapeRight";
				INFOPLIST_KEY_UISupportedInterfaceOrientations_iPhone = "UIInterfaceOrientationPortrait UIInterfaceOrientationLandscapeLeft UIInterfaceOrientationLandscapeRight";
				LD_RUNPATH_SEARCH_PATHS = (
					"$(inherited)",
					"@executable_path/Frameworks",
				);
				MARKETING_VERSION = 1.0;
				PRODUCT_BUNDLE_IDENTIFIER = com.codewithkamshat.test.SampleWeather;
				PRODUCT_NAME = "$(TARGET_NAME)";
				SWIFT_EMIT_LOC_STRINGS = YES;
				SWIFT_VERSION = 5.0;
				TARGETED_DEVICE_FAMILY = "1,2";
			};
			name = Debug;
		};
		48ADB7F52913C9870084D7CF /* Release */ = {
			isa = XCBuildConfiguration;
			baseConfigurationReference = 1090771D43AC559C1B2F4E21 /* Pods-SampleWeather.release.xcconfig */;
			buildSettings = {
				ASSETCATALOG_COMPILER_APPICON_NAME = AppIcon;
				ASSETCATALOG_COMPILER_GLOBAL_ACCENT_COLOR_NAME = AccentColor;
				CODE_SIGN_STYLE = Automatic;
				CURRENT_PROJECT_VERSION = 1;
				GENERATE_INFOPLIST_FILE = YES;
				INFOPLIST_FILE = SampleWeather/Info.plist;
				INFOPLIST_KEY_UIApplicationSupportsIndirectInputEvents = YES;
				INFOPLIST_KEY_UILaunchStoryboardName = LaunchScreen;
				INFOPLIST_KEY_UISupportedInterfaceOrientations_iPad = "UIInterfaceOrientationPortrait UIInterfaceOrientationPortraitUpsideDown UIInterfaceOrientationLandscapeLeft UIInterfaceOrientationLandscapeRight";
				INFOPLIST_KEY_UISupportedInterfaceOrientations_iPhone = "UIInterfaceOrientationPortrait UIInterfaceOrientationLandscapeLeft UIInterfaceOrientationLandscapeRight";
				LD_RUNPATH_SEARCH_PATHS = (
					"$(inherited)",
					"@executable_path/Frameworks",
				);
				MARKETING_VERSION = 1.0;
				PRODUCT_BUNDLE_IDENTIFIER = com.codewithkamshat.test.SampleWeather;
				PRODUCT_NAME = "$(TARGET_NAME)";
				SWIFT_EMIT_LOC_STRINGS = YES;
				SWIFT_VERSION = 5.0;
				TARGETED_DEVICE_FAMILY = "1,2";
			};
			name = Release;
		};
/* End XCBuildConfiguration section */

/* Begin XCConfigurationList section */
		48ADB7DA2913C9830084D7CF /* Build configuration list for PBXProject "SampleWeather" */ = {
			isa = XCConfigurationList;
			buildConfigurations = (
				48ADB7F12913C9870084D7CF /* Debug */,
				48ADB7F22913C9870084D7CF /* Release */,
			);
			defaultConfigurationIsVisible = 0;
			defaultConfigurationName = Release;
		};
		48ADB7F32913C9870084D7CF /* Build configuration list for PBXNativeTarget "SampleWeather" */ = {
			isa = XCConfigurationList;
			buildConfigurations = (
				48ADB7F42913C9870084D7CF /* Debug */,
				48ADB7F52913C9870084D7CF /* Release */,
			);
			defaultConfigurationIsVisible = 0;
			defaultConfigurationName = Release;
		};
/* End XCConfigurationList section */
	};
	rootObject = 48ADB7D72913C9830084D7CF /* Project object */;
}
